
Microsoft Visual Studio Solution File, Format Version 12.00
# Visual Studio Version 17
VisualStudioVersion = 17.3.32929.385
MinimumVisualStudioVersion = 10.0.40219.1
Project("{FAE04EC0-301F-11D3-BF4B-00C04F79EFBC}") = "NMEATrax Replay app", "NMEATrax Replay app\NMEATrax Replay app.csproj", "{F280630B-C41C-4C3A-AEDF-79CDB45BBF4D}"
EndProject
Global
	GlobalSection(SolutionConfigurationPlatforms) = preSolution
		Debug|Any CPU = Debug|Any CPU
		Release|Any CPU = Release|Any CPU
	EndGlobalSection
	GlobalSection(ProjectConfigurationPlatforms) = postSolution
		{F280630B-C41C-4C3A-AEDF-79CDB45BBF4D}.Debug|Any CPU.ActiveCfg = Debug|Any CPU
		{F280630B-C41C-4C3A-AEDF-79CDB45BBF4D}.Debug|Any CPU.Build.0 = Debug|Any CPU
		{F280630B-C41C-4C3A-AEDF-79CDB45BBF4D}.Release|Any CPU.ActiveCfg = Release|Any CPU
		{F280630B-C41C-4C3A-AEDF-79CDB45BBF4D}.Release|Any CPU.Build.0 = Release|Any CPU
	EndGlobalSection
	GlobalSection(SolutionProperties) = preSolution
		HideSolutionNode = FALSE
	EndGlobalSection
	GlobalSection(ExtensibilityGlobals) = postSolution
		SolutionGuid = {527B3F38-C65D-4E28-8E11-D89574D2C56F}
	EndGlobalSection
EndGlobal
